
Microsoft Visual Studio Solution File, Format Version 12.00
Project("{F2A71F9B-5D33-465A-A702-920D77279786}") = "ConsoleApp2", "ConsoleApp2\ConsoleApp2.fsproj", "{D18D6A10-3AAB-4F2A-8CE6-C0D598A8E144}"
EndProject
Project("{F2A71F9B-5D33-465A-A702-920D77279786}") = "Solve.Test", "Solve.Test\Solve.Test.fsproj", "{A4D67E0D-4DE2-4F6F-A443-6BE3B735C173}"
EndProject
Global
	GlobalSection(SolutionConfigurationPlatforms) = preSolution
		Debug|Any CPU = Debug|Any CPU
		Release|Any CPU = Release|Any CPU
	EndGlobalSection
	GlobalSection(ProjectConfigurationPlatforms) = postSolution
		{D18D6A10-3AAB-4F2A-8CE6-C0D598A8E144}.Debug|Any CPU.ActiveCfg = Debug|Any CPU
		{D18D6A10-3AAB-4F2A-8CE6-C0D598A8E144}.Debug|Any CPU.Build.0 = Debug|Any CPU
		{D18D6A10-3AAB-4F2A-8CE6-C0D598A8E144}.Release|Any CPU.ActiveCfg = Release|Any CPU
		{D18D6A10-3AAB-4F2A-8CE6-C0D598A8E144}.Release|Any CPU.Build.0 = Release|Any CPU
		{A4D67E0D-4DE2-4F6F-A443-6BE3B735C173}.Debug|Any CPU.ActiveCfg = Debug|Any CPU
		{A4D67E0D-4DE2-4F6F-A443-6BE3B735C173}.Debug|Any CPU.Build.0 = Debug|Any CPU
		{A4D67E0D-4DE2-4F6F-A443-6BE3B735C173}.Release|Any CPU.ActiveCfg = Release|Any CPU
		{A4D67E0D-4DE2-4F6F-A443-6BE3B735C173}.Release|Any CPU.Build.0 = Release|Any CPU
	EndGlobalSection
EndGlobal
